
Microsoft Visual Studio Solution File, Format Version 12.00
Project("{FAE04EC0-301F-11D3-BF4B-00C04F79EFBC}") = "Task12", "Task12\Task12.csproj", "{493EB1FC-2E57-40DD-90D0-5EE3D831258B}"
EndProject
Global
	GlobalSection(SolutionConfigurationPlatforms) = preSolution
		Debug|Any CPU = Debug|Any CPU
		Release|Any CPU = Release|Any CPU
	EndGlobalSection
	GlobalSection(ProjectConfigurationPlatforms) = postSolution
		{493EB1FC-2E57-40DD-90D0-5EE3D831258B}.Debug|Any CPU.ActiveCfg = Debug|Any CPU
		{493EB1FC-2E57-40DD-90D0-5EE3D831258B}.Debug|Any CPU.Build.0 = Debug|Any CPU
		{493EB1FC-2E57-40DD-90D0-5EE3D831258B}.Release|Any CPU.ActiveCfg = Release|Any CPU
		{493EB1FC-2E57-40DD-90D0-5EE3D831258B}.Release|Any CPU.Build.0 = Release|Any CPU
	EndGlobalSection
EndGlobal
